
Microsoft Visual Studio Solution File, Format Version 12.00
# Visual Studio 15
VisualStudioVersion = 15.0.28307.1062
MinimumVisualStudioVersion = 10.0.40219.1
Project("{FAE04EC0-301F-11D3-BF4B-00C04F79EFBC}") = "ChatBot", "ChatBot\ChatBot.csproj", "{46EF093A-97F6-4B87-BFE7-30CCD8783147}"
EndProject
Project("{FAE04EC0-301F-11D3-BF4B-00C04F79EFBC}") = "Bot", "Bot\Bot\Bot.csproj", "{A8BC057D-E2C7-4464-BC17-A64362AEB651}"
EndProject
Global
	GlobalSection(SolutionConfigurationPlatforms) = preSolution
		Debug|Any CPU = Debug|Any CPU
		Release|Any CPU = Release|Any CPU
	EndGlobalSection
	GlobalSection(ProjectConfigurationPlatforms) = postSolution
		{46EF093A-97F6-4B87-BFE7-30CCD8783147}.Debug|Any CPU.ActiveCfg = Debug|Any CPU
		{46EF093A-97F6-4B87-BFE7-30CCD8783147}.Debug|Any CPU.Build.0 = Debug|Any CPU
		{46EF093A-97F6-4B87-BFE7-30CCD8783147}.Release|Any CPU.ActiveCfg = Release|Any CPU
		{46EF093A-97F6-4B87-BFE7-30CCD8783147}.Release|Any CPU.Build.0 = Release|Any CPU
		{A8BC057D-E2C7-4464-BC17-A64362AEB651}.Debug|Any CPU.ActiveCfg = Debug|Any CPU
		{A8BC057D-E2C7-4464-BC17-A64362AEB651}.Debug|Any CPU.Build.0 = Debug|Any CPU
		{A8BC057D-E2C7-4464-BC17-A64362AEB651}.Release|Any CPU.ActiveCfg = Release|Any CPU
		{A8BC057D-E2C7-4464-BC17-A64362AEB651}.Release|Any CPU.Build.0 = Release|Any CPU
	EndGlobalSection
	GlobalSection(SolutionProperties) = preSolution
		HideSolutionNode = FALSE
	EndGlobalSection
	GlobalSection(ExtensibilityGlobals) = postSolution
		SolutionGuid = {3ACE0EF0-A228-42BA-8882-43A7C20ABBC1}
	EndGlobalSection
EndGlobal
